
Microsoft Visual Studio Solution File, Format Version 12.00
# Visual Studio 2013
VisualStudioVersion = 12.0.31101.0
MinimumVisualStudioVersion = 10.0.40219.1
Project("{8BC9CEB8-8B4A-11D0-8D11-00A0C91BC942}") = "ConsoleApplication1", "ConsoleApplication1\ConsoleApplication1.vcxproj", "{006D9D74-DAA1-4E06-9422-5750B37B6666}"
EndProject
Global
	GlobalSection(SolutionConfigurationPlatforms) = preSolution
		Debug|Win32 = Debug|Win32
		Debug|x64 = Debug|x64
		Release|Win32 = Release|Win32
		Release|x64 = Release|x64
		x64|Win32 = x64|Win32
		x64|x64 = x64|x64
	EndGlobalSection
	GlobalSection(ProjectConfigurationPlatforms) = postSolution
		{006D9D74-DAA1-4E06-9422-5750B37B6666}.Debug|Win32.ActiveCfg = Debug|Win32
		{006D9D74-DAA1-4E06-9422-5750B37B6666}.Debug|Win32.Build.0 = Debug|Win32
		{006D9D74-DAA1-4E06-9422-5750B37B6666}.Debug|x64.ActiveCfg = Debug|x64
		{006D9D74-DAA1-4E06-9422-5750B37B6666}.Debug|x64.Build.0 = Debug|x64
		{006D9D74-DAA1-4E06-9422-5750B37B6666}.Release|Win32.ActiveCfg = Release|Win32
		{006D9D74-DAA1-4E06-9422-5750B37B6666}.Release|Win32.Build.0 = Release|Win32
		{006D9D74-DAA1-4E06-9422-5750B37B6666}.Release|x64.ActiveCfg = Release|x64
		{006D9D74-DAA1-4E06-9422-5750B37B6666}.Release|x64.Build.0 = Release|x64
		{006D9D74-DAA1-4E06-9422-5750B37B6666}.x64|Win32.ActiveCfg = x64|Win32
		{006D9D74-DAA1-4E06-9422-5750B37B6666}.x64|Win32.Build.0 = x64|Win32
		{006D9D74-DAA1-4E06-9422-5750B37B6666}.x64|x64.ActiveCfg = x64|x64
		{006D9D74-DAA1-4E06-9422-5750B37B6666}.x64|x64.Build.0 = x64|x64
	EndGlobalSection
	GlobalSection(SolutionProperties) = preSolution
		HideSolutionNode = FALSE
	EndGlobalSection
EndGlobal
